
Microsoft Visual Studio Solution File, Format Version 12.00
# Visual Studio 15
VisualStudioVersion = 15.0.27130.2027
MinimumVisualStudioVersion = 10.0.40219.1
Project("{2150E333-8FDC-42A3-9474-1A3956D46DE8}") = "Lesson 1", "Lesson 1", "{9DA8E5E2-CC30-4993-B796-3F248AF7DBCA}"
	ProjectSection(SolutionItems) = preProject
		Lesson 1\Lesson 1.pptx = Lesson 1\Lesson 1.pptx
	EndProjectSection
EndProject
Project("{2150E333-8FDC-42A3-9474-1A3956D46DE8}") = "Lesson 2", "Lesson 2", "{97DC11A6-F778-4E01-9F7E-226C3A52030A}"
	ProjectSection(SolutionItems) = preProject
		Lesson 2\Lesson 2.pptx = Lesson 2\Lesson 2.pptx
	EndProjectSection
EndProject
Project("{2150E333-8FDC-42A3-9474-1A3956D46DE8}") = "Lesson 3", "Lesson 3", "{3F309711-C3C3-4FFF-896B-35A24A6E2A9A}"
	ProjectSection(SolutionItems) = preProject
		Lesson 3\Lesson 3.pptx = Lesson 3\Lesson 3.pptx
	EndProjectSection
EndProject
Project("{2150E333-8FDC-42A3-9474-1A3956D46DE8}") = "Lesson 4", "Lesson 4", "{4883942A-C9F3-49A7-ABDE-14CFCC7D8EC2}"
EndProject
Project("{2150E333-8FDC-42A3-9474-1A3956D46DE8}") = "Lesson 5", "Lesson 5", "{BFEAB176-62DA-44D8-9A98-CC5CA2E641D7}"
EndProject
Project("{2150E333-8FDC-42A3-9474-1A3956D46DE8}") = "Lesson 6", "Lesson 6", "{6C2BE7E5-6BC0-40DD-B43F-7925BEEEA220}"
EndProject
Project("{2150E333-8FDC-42A3-9474-1A3956D46DE8}") = "Lesson 7", "Lesson 7", "{DD888EAA-23A6-47CE-A64F-3770ECB3816A}"
EndProject
Project("{2150E333-8FDC-42A3-9474-1A3956D46DE8}") = "Lesson 8", "Lesson 8", "{D27E1C87-FAC6-43F9-8AD4-463A7114A8C2}"
EndProject
Project("{9A19103F-16F7-4668-BE54-9A1E7A4F7556}") = "CILSample", "Lesson 1\CILSample\CILSample.csproj", "{9606718D-6CB4-4282-AAEC-2EE7D3021483}"
EndProject
Project("{9A19103F-16F7-4668-BE54-9A1E7A4F7556}") = "ClockSample", "Lesson 2\ClockSample\ClockSample.csproj", "{291170AB-882D-4871-BA51-6D1ED1E13C20}"
EndProject
Project("{9A19103F-16F7-4668-BE54-9A1E7A4F7556}") = "GreeterSample", "Lesson 2\GreeterSample\GreeterSample.csproj", "{259D19EA-C91D-4B62-9188-49580881EFC9}"
EndProject
Global
	GlobalSection(SolutionConfigurationPlatforms) = preSolution
		Debug|Any CPU = Debug|Any CPU
		Release|Any CPU = Release|Any CPU
	EndGlobalSection
	GlobalSection(ProjectConfigurationPlatforms) = postSolution
		{9606718D-6CB4-4282-AAEC-2EE7D3021483}.Debug|Any CPU.ActiveCfg = Debug|Any CPU
		{9606718D-6CB4-4282-AAEC-2EE7D3021483}.Debug|Any CPU.Build.0 = Debug|Any CPU
		{9606718D-6CB4-4282-AAEC-2EE7D3021483}.Release|Any CPU.ActiveCfg = Release|Any CPU
		{9606718D-6CB4-4282-AAEC-2EE7D3021483}.Release|Any CPU.Build.0 = Release|Any CPU
		{291170AB-882D-4871-BA51-6D1ED1E13C20}.Debug|Any CPU.ActiveCfg = Debug|Any CPU
		{291170AB-882D-4871-BA51-6D1ED1E13C20}.Debug|Any CPU.Build.0 = Debug|Any CPU
		{291170AB-882D-4871-BA51-6D1ED1E13C20}.Release|Any CPU.ActiveCfg = Release|Any CPU
		{291170AB-882D-4871-BA51-6D1ED1E13C20}.Release|Any CPU.Build.0 = Release|Any CPU
		{259D19EA-C91D-4B62-9188-49580881EFC9}.Debug|Any CPU.ActiveCfg = Debug|Any CPU
		{259D19EA-C91D-4B62-9188-49580881EFC9}.Debug|Any CPU.Build.0 = Debug|Any CPU
		{259D19EA-C91D-4B62-9188-49580881EFC9}.Release|Any CPU.ActiveCfg = Release|Any CPU
		{259D19EA-C91D-4B62-9188-49580881EFC9}.Release|Any CPU.Build.0 = Release|Any CPU
	EndGlobalSection
	GlobalSection(SolutionProperties) = preSolution
		HideSolutionNode = FALSE
	EndGlobalSection
	GlobalSection(NestedProjects) = preSolution
		{9606718D-6CB4-4282-AAEC-2EE7D3021483} = {9DA8E5E2-CC30-4993-B796-3F248AF7DBCA}
		{291170AB-882D-4871-BA51-6D1ED1E13C20} = {97DC11A6-F778-4E01-9F7E-226C3A52030A}
		{259D19EA-C91D-4B62-9188-49580881EFC9} = {97DC11A6-F778-4E01-9F7E-226C3A52030A}
	EndGlobalSection
	GlobalSection(ExtensibilityGlobals) = postSolution
		SolutionGuid = {14788744-A8FB-46E2-9D89-B00F72BBD685}
	EndGlobalSection
EndGlobal
