
Microsoft Visual Studio Solution File, Format Version 12.00
# Visual Studio 15
VisualStudioVersion = 15.0.27130.2027
MinimumVisualStudioVersion = 10.0.40219.1
Project("{2150E333-8FDC-42A3-9474-1A3956D46DE8}") = "Lesson 1", "Lesson 1", "{9DA8E5E2-CC30-4993-B796-3F248AF7DBCA}"
	ProjectSection(SolutionItems) = preProject
		Lesson 1\Lesson 1.pptx = Lesson 1\Lesson 1.pptx
	EndProjectSection
EndProject
Project("{2150E333-8FDC-42A3-9474-1A3956D46DE8}") = "Lesson 2", "Lesson 2", "{97DC11A6-F778-4E01-9F7E-226C3A52030A}"
	ProjectSection(SolutionItems) = preProject
		Lesson 2\Lesson 2.pptx = Lesson 2\Lesson 2.pptx
	EndProjectSection
EndProject
Project("{2150E333-8FDC-42A3-9474-1A3956D46DE8}") = "Lesson 3", "Lesson 3", "{3F309711-C3C3-4FFF-896B-35A24A6E2A9A}"
	ProjectSection(SolutionItems) = preProject
		Lesson 3\Lesson 3.pptx = Lesson 3\Lesson 3.pptx
	EndProjectSection
EndProject
Project("{2150E333-8FDC-42A3-9474-1A3956D46DE8}") = "Lesson 4", "Lesson 4", "{4883942A-C9F3-49A7-ABDE-14CFCC7D8EC2}"
	ProjectSection(SolutionItems) = preProject
		Lesson 4\Lesson 4.pptx = Lesson 4\Lesson 4.pptx
	EndProjectSection
EndProject
Project("{2150E333-8FDC-42A3-9474-1A3956D46DE8}") = "Lesson 5", "Lesson 5", "{BFEAB176-62DA-44D8-9A98-CC5CA2E641D7}"
EndProject
Project("{2150E333-8FDC-42A3-9474-1A3956D46DE8}") = "Lesson 6", "Lesson 6", "{6C2BE7E5-6BC0-40DD-B43F-7925BEEEA220}"
EndProject
Project("{2150E333-8FDC-42A3-9474-1A3956D46DE8}") = "Lesson 7", "Lesson 7", "{DD888EAA-23A6-47CE-A64F-3770ECB3816A}"
EndProject
Project("{2150E333-8FDC-42A3-9474-1A3956D46DE8}") = "Lesson 8", "Lesson 8", "{D27E1C87-FAC6-43F9-8AD4-463A7114A8C2}"
EndProject
Project("{9A19103F-16F7-4668-BE54-9A1E7A4F7556}") = "CILSample", "Lesson 1\CILSample\CILSample.csproj", "{9606718D-6CB4-4282-AAEC-2EE7D3021483}"
EndProject
Project("{9A19103F-16F7-4668-BE54-9A1E7A4F7556}") = "ClockSample", "Lesson 2\ClockSample\ClockSample.csproj", "{291170AB-882D-4871-BA51-6D1ED1E13C20}"
EndProject
Project("{9A19103F-16F7-4668-BE54-9A1E7A4F7556}") = "GreeterSample", "Lesson 2\GreeterSample\GreeterSample.csproj", "{259D19EA-C91D-4B62-9188-49580881EFC9}"
EndProject
Project("{9A19103F-16F7-4668-BE54-9A1E7A4F7556}") = "ExtendedGreeterSample", "Lesson 3\ExtendedGreeterSample\ExtendedGreeterSample.csproj", "{6E605DBA-82DC-45BB-8D76-33C03BC14BC4}"
EndProject
Project("{9A19103F-16F7-4668-BE54-9A1E7A4F7556}") = "ShapeSample", "Lesson 3\ShapeSample\ShapeSample.csproj", "{4D2F7256-994C-4BD4-B6B9-A56FC1E1A257}"
EndProject
Project("{9A19103F-16F7-4668-BE54-9A1E7A4F7556}") = "BitwiseEnumerationSample", "Lesson 4\BitwiseEnumerationSample\BitwiseEnumerationSample.csproj", "{38592078-D5D5-46A2-BF90-15E302317F9A}"
EndProject
Project("{9A19103F-16F7-4668-BE54-9A1E7A4F7556}") = "DelegateSample", "Lesson 4\DelegateSample\DelegateSample.csproj", "{3F36EF32-080B-4905-842D-A65C04EB26EA}"
EndProject
Project("{9A19103F-16F7-4668-BE54-9A1E7A4F7556}") = "EnumerationSample", "Lesson 4\EnumerationSample\EnumerationSample.csproj", "{4D88604E-1512-441C-BCC4-B0E5392E4ABC}"
EndProject
Project("{9A19103F-16F7-4668-BE54-9A1E7A4F7556}") = "NullableValueTypeSample", "Lesson 4\NullableValueTypeSample\NullableValueTypeSample.csproj", "{1C4261F3-6915-4E6F-BDDB-5827098C5AE1}"
EndProject
Project("{9A19103F-16F7-4668-BE54-9A1E7A4F7556}") = "PassByReferenceSample", "Lesson 4\PassByReferenceSample\PassByReferenceSample.csproj", "{72998842-4DD8-4954-906C-F6F30EC1E947}"
EndProject
Project("{9A19103F-16F7-4668-BE54-9A1E7A4F7556}") = "PassByValueSample", "Lesson 4\PassByValueSample\PassByValueSample.csproj", "{439DE636-7084-4539-B9C2-DE2D491EDFE8}"
EndProject
Project("{9A19103F-16F7-4668-BE54-9A1E7A4F7556}") = "StructureSample", "Lesson 4\StructureSample\StructureSample.csproj", "{1B7BCEF5-85BE-42A6-ACE5-0B2A176FB067}"
EndProject
Global
	GlobalSection(SolutionConfigurationPlatforms) = preSolution
		Debug|Any CPU = Debug|Any CPU
		Release|Any CPU = Release|Any CPU
	EndGlobalSection
	GlobalSection(ProjectConfigurationPlatforms) = postSolution
		{9606718D-6CB4-4282-AAEC-2EE7D3021483}.Debug|Any CPU.ActiveCfg = Debug|Any CPU
		{9606718D-6CB4-4282-AAEC-2EE7D3021483}.Debug|Any CPU.Build.0 = Debug|Any CPU
		{9606718D-6CB4-4282-AAEC-2EE7D3021483}.Release|Any CPU.ActiveCfg = Release|Any CPU
		{9606718D-6CB4-4282-AAEC-2EE7D3021483}.Release|Any CPU.Build.0 = Release|Any CPU
		{291170AB-882D-4871-BA51-6D1ED1E13C20}.Debug|Any CPU.ActiveCfg = Debug|Any CPU
		{291170AB-882D-4871-BA51-6D1ED1E13C20}.Debug|Any CPU.Build.0 = Debug|Any CPU
		{291170AB-882D-4871-BA51-6D1ED1E13C20}.Release|Any CPU.ActiveCfg = Release|Any CPU
		{291170AB-882D-4871-BA51-6D1ED1E13C20}.Release|Any CPU.Build.0 = Release|Any CPU
		{259D19EA-C91D-4B62-9188-49580881EFC9}.Debug|Any CPU.ActiveCfg = Debug|Any CPU
		{259D19EA-C91D-4B62-9188-49580881EFC9}.Debug|Any CPU.Build.0 = Debug|Any CPU
		{259D19EA-C91D-4B62-9188-49580881EFC9}.Release|Any CPU.ActiveCfg = Release|Any CPU
		{259D19EA-C91D-4B62-9188-49580881EFC9}.Release|Any CPU.Build.0 = Release|Any CPU
		{6E605DBA-82DC-45BB-8D76-33C03BC14BC4}.Debug|Any CPU.ActiveCfg = Debug|Any CPU
		{6E605DBA-82DC-45BB-8D76-33C03BC14BC4}.Debug|Any CPU.Build.0 = Debug|Any CPU
		{6E605DBA-82DC-45BB-8D76-33C03BC14BC4}.Release|Any CPU.ActiveCfg = Release|Any CPU
		{6E605DBA-82DC-45BB-8D76-33C03BC14BC4}.Release|Any CPU.Build.0 = Release|Any CPU
		{4D2F7256-994C-4BD4-B6B9-A56FC1E1A257}.Debug|Any CPU.ActiveCfg = Debug|Any CPU
		{4D2F7256-994C-4BD4-B6B9-A56FC1E1A257}.Debug|Any CPU.Build.0 = Debug|Any CPU
		{4D2F7256-994C-4BD4-B6B9-A56FC1E1A257}.Release|Any CPU.ActiveCfg = Release|Any CPU
		{4D2F7256-994C-4BD4-B6B9-A56FC1E1A257}.Release|Any CPU.Build.0 = Release|Any CPU
		{38592078-D5D5-46A2-BF90-15E302317F9A}.Debug|Any CPU.ActiveCfg = Debug|Any CPU
		{38592078-D5D5-46A2-BF90-15E302317F9A}.Debug|Any CPU.Build.0 = Debug|Any CPU
		{38592078-D5D5-46A2-BF90-15E302317F9A}.Release|Any CPU.ActiveCfg = Release|Any CPU
		{38592078-D5D5-46A2-BF90-15E302317F9A}.Release|Any CPU.Build.0 = Release|Any CPU
		{3F36EF32-080B-4905-842D-A65C04EB26EA}.Debug|Any CPU.ActiveCfg = Debug|Any CPU
		{3F36EF32-080B-4905-842D-A65C04EB26EA}.Debug|Any CPU.Build.0 = Debug|Any CPU
		{3F36EF32-080B-4905-842D-A65C04EB26EA}.Release|Any CPU.ActiveCfg = Release|Any CPU
		{3F36EF32-080B-4905-842D-A65C04EB26EA}.Release|Any CPU.Build.0 = Release|Any CPU
		{4D88604E-1512-441C-BCC4-B0E5392E4ABC}.Debug|Any CPU.ActiveCfg = Debug|Any CPU
		{4D88604E-1512-441C-BCC4-B0E5392E4ABC}.Debug|Any CPU.Build.0 = Debug|Any CPU
		{4D88604E-1512-441C-BCC4-B0E5392E4ABC}.Release|Any CPU.ActiveCfg = Release|Any CPU
		{4D88604E-1512-441C-BCC4-B0E5392E4ABC}.Release|Any CPU.Build.0 = Release|Any CPU
		{1C4261F3-6915-4E6F-BDDB-5827098C5AE1}.Debug|Any CPU.ActiveCfg = Debug|Any CPU
		{1C4261F3-6915-4E6F-BDDB-5827098C5AE1}.Debug|Any CPU.Build.0 = Debug|Any CPU
		{1C4261F3-6915-4E6F-BDDB-5827098C5AE1}.Release|Any CPU.ActiveCfg = Release|Any CPU
		{1C4261F3-6915-4E6F-BDDB-5827098C5AE1}.Release|Any CPU.Build.0 = Release|Any CPU
		{72998842-4DD8-4954-906C-F6F30EC1E947}.Debug|Any CPU.ActiveCfg = Debug|Any CPU
		{72998842-4DD8-4954-906C-F6F30EC1E947}.Debug|Any CPU.Build.0 = Debug|Any CPU
		{72998842-4DD8-4954-906C-F6F30EC1E947}.Release|Any CPU.ActiveCfg = Release|Any CPU
		{72998842-4DD8-4954-906C-F6F30EC1E947}.Release|Any CPU.Build.0 = Release|Any CPU
		{439DE636-7084-4539-B9C2-DE2D491EDFE8}.Debug|Any CPU.ActiveCfg = Debug|Any CPU
		{439DE636-7084-4539-B9C2-DE2D491EDFE8}.Debug|Any CPU.Build.0 = Debug|Any CPU
		{439DE636-7084-4539-B9C2-DE2D491EDFE8}.Release|Any CPU.ActiveCfg = Release|Any CPU
		{439DE636-7084-4539-B9C2-DE2D491EDFE8}.Release|Any CPU.Build.0 = Release|Any CPU
		{1B7BCEF5-85BE-42A6-ACE5-0B2A176FB067}.Debug|Any CPU.ActiveCfg = Debug|Any CPU
		{1B7BCEF5-85BE-42A6-ACE5-0B2A176FB067}.Debug|Any CPU.Build.0 = Debug|Any CPU
		{1B7BCEF5-85BE-42A6-ACE5-0B2A176FB067}.Release|Any CPU.ActiveCfg = Release|Any CPU
		{1B7BCEF5-85BE-42A6-ACE5-0B2A176FB067}.Release|Any CPU.Build.0 = Release|Any CPU
	EndGlobalSection
	GlobalSection(SolutionProperties) = preSolution
		HideSolutionNode = FALSE
	EndGlobalSection
	GlobalSection(NestedProjects) = preSolution
		{9606718D-6CB4-4282-AAEC-2EE7D3021483} = {9DA8E5E2-CC30-4993-B796-3F248AF7DBCA}
		{291170AB-882D-4871-BA51-6D1ED1E13C20} = {97DC11A6-F778-4E01-9F7E-226C3A52030A}
		{259D19EA-C91D-4B62-9188-49580881EFC9} = {97DC11A6-F778-4E01-9F7E-226C3A52030A}
		{6E605DBA-82DC-45BB-8D76-33C03BC14BC4} = {3F309711-C3C3-4FFF-896B-35A24A6E2A9A}
		{4D2F7256-994C-4BD4-B6B9-A56FC1E1A257} = {3F309711-C3C3-4FFF-896B-35A24A6E2A9A}
		{38592078-D5D5-46A2-BF90-15E302317F9A} = {4883942A-C9F3-49A7-ABDE-14CFCC7D8EC2}
		{3F36EF32-080B-4905-842D-A65C04EB26EA} = {4883942A-C9F3-49A7-ABDE-14CFCC7D8EC2}
		{4D88604E-1512-441C-BCC4-B0E5392E4ABC} = {4883942A-C9F3-49A7-ABDE-14CFCC7D8EC2}
		{1C4261F3-6915-4E6F-BDDB-5827098C5AE1} = {4883942A-C9F3-49A7-ABDE-14CFCC7D8EC2}
		{72998842-4DD8-4954-906C-F6F30EC1E947} = {4883942A-C9F3-49A7-ABDE-14CFCC7D8EC2}
		{439DE636-7084-4539-B9C2-DE2D491EDFE8} = {4883942A-C9F3-49A7-ABDE-14CFCC7D8EC2}
		{1B7BCEF5-85BE-42A6-ACE5-0B2A176FB067} = {4883942A-C9F3-49A7-ABDE-14CFCC7D8EC2}
	EndGlobalSection
	GlobalSection(ExtensibilityGlobals) = postSolution
		SolutionGuid = {14788744-A8FB-46E2-9D89-B00F72BBD685}
	EndGlobalSection
EndGlobal
